
Microsoft Visual Studio Solution File, Format Version 12.00
# Visual Studio Version 17
VisualStudioVersion = 17.9.34728.123
MinimumVisualStudioVersion = 10.0.40219.1
Project("{9A19103F-16F7-4668-BE54-9A1E7A4F7556}") = "TodoApp", "TodoApp\TodoApp.csproj", "{5E59DB7B-C986-4A7B-9029-3151ED6CC53F}"
EndProject
Project("{9A19103F-16F7-4668-BE54-9A1E7A4F7556}") = "TodoApp.Domain", "TodoApp.Domain\TodoApp.Domain.csproj", "{FD276347-BE23-42FC-84FF-FDF85BE3DE42}"
EndProject
Project("{9A19103F-16F7-4668-BE54-9A1E7A4F7556}") = "TodoApp.Infrastructure", "TodoApp.Infrastructure\TodoApp.Infrastructure.csproj", "{957D897E-BEEF-4E63-B42C-45C735D63BC4}"
EndProject
Project("{9A19103F-16F7-4668-BE54-9A1E7A4F7556}") = "TodoApp.Application.cs", "TodoApp.Application.cs\TodoApp.Application.cs.csproj", "{D1EDA3A5-E85D-4EBE-A8CF-5E14E47A8D74}"
EndProject
Project("{9A19103F-16F7-4668-BE54-9A1E7A4F7556}") = "TodoApp.DataBase.Migration.Runtime", "TodoApp.DataBase.Migration.Runtime\TodoApp.DataBase.Migration.Runtime.csproj", "{A34D1E1A-EE0A-47E4-8B81-2B4D273AB771}"
EndProject
Project("{FAE04EC0-301F-11D3-BF4B-00C04F79EFBC}") = "TodoApp.Uranium", "TodoApp.Uranium\TodoApp.Uranium\TodoApp.Uranium.csproj", "{89B812E3-605D-40AA-B8B4-91BD7B3B6B84}"
EndProject
Global
	GlobalSection(SolutionConfigurationPlatforms) = preSolution
		Debug|Any CPU = Debug|Any CPU
		Release|Any CPU = Release|Any CPU
	EndGlobalSection
	GlobalSection(ProjectConfigurationPlatforms) = postSolution
		{5E59DB7B-C986-4A7B-9029-3151ED6CC53F}.Debug|Any CPU.ActiveCfg = Debug|Any CPU
		{5E59DB7B-C986-4A7B-9029-3151ED6CC53F}.Debug|Any CPU.Build.0 = Debug|Any CPU
		{5E59DB7B-C986-4A7B-9029-3151ED6CC53F}.Debug|Any CPU.Deploy.0 = Debug|Any CPU
		{5E59DB7B-C986-4A7B-9029-3151ED6CC53F}.Release|Any CPU.ActiveCfg = Release|Any CPU
		{5E59DB7B-C986-4A7B-9029-3151ED6CC53F}.Release|Any CPU.Build.0 = Release|Any CPU
		{5E59DB7B-C986-4A7B-9029-3151ED6CC53F}.Release|Any CPU.Deploy.0 = Release|Any CPU
		{FD276347-BE23-42FC-84FF-FDF85BE3DE42}.Debug|Any CPU.ActiveCfg = Debug|Any CPU
		{FD276347-BE23-42FC-84FF-FDF85BE3DE42}.Debug|Any CPU.Build.0 = Debug|Any CPU
		{FD276347-BE23-42FC-84FF-FDF85BE3DE42}.Release|Any CPU.ActiveCfg = Release|Any CPU
		{FD276347-BE23-42FC-84FF-FDF85BE3DE42}.Release|Any CPU.Build.0 = Release|Any CPU
		{957D897E-BEEF-4E63-B42C-45C735D63BC4}.Debug|Any CPU.ActiveCfg = Debug|Any CPU
		{957D897E-BEEF-4E63-B42C-45C735D63BC4}.Debug|Any CPU.Build.0 = Debug|Any CPU
		{957D897E-BEEF-4E63-B42C-45C735D63BC4}.Release|Any CPU.ActiveCfg = Release|Any CPU
		{957D897E-BEEF-4E63-B42C-45C735D63BC4}.Release|Any CPU.Build.0 = Release|Any CPU
		{D1EDA3A5-E85D-4EBE-A8CF-5E14E47A8D74}.Debug|Any CPU.ActiveCfg = Debug|Any CPU
		{D1EDA3A5-E85D-4EBE-A8CF-5E14E47A8D74}.Debug|Any CPU.Build.0 = Debug|Any CPU
		{D1EDA3A5-E85D-4EBE-A8CF-5E14E47A8D74}.Release|Any CPU.ActiveCfg = Release|Any CPU
		{D1EDA3A5-E85D-4EBE-A8CF-5E14E47A8D74}.Release|Any CPU.Build.0 = Release|Any CPU
		{A34D1E1A-EE0A-47E4-8B81-2B4D273AB771}.Debug|Any CPU.ActiveCfg = Debug|Any CPU
		{A34D1E1A-EE0A-47E4-8B81-2B4D273AB771}.Debug|Any CPU.Build.0 = Debug|Any CPU
		{A34D1E1A-EE0A-47E4-8B81-2B4D273AB771}.Release|Any CPU.ActiveCfg = Release|Any CPU
		{A34D1E1A-EE0A-47E4-8B81-2B4D273AB771}.Release|Any CPU.Build.0 = Release|Any CPU
		{89B812E3-605D-40AA-B8B4-91BD7B3B6B84}.Debug|Any CPU.ActiveCfg = Debug|Any CPU
		{89B812E3-605D-40AA-B8B4-91BD7B3B6B84}.Debug|Any CPU.Build.0 = Debug|Any CPU
		{89B812E3-605D-40AA-B8B4-91BD7B3B6B84}.Debug|Any CPU.Deploy.0 = Debug|Any CPU
		{89B812E3-605D-40AA-B8B4-91BD7B3B6B84}.Release|Any CPU.ActiveCfg = Release|Any CPU
		{89B812E3-605D-40AA-B8B4-91BD7B3B6B84}.Release|Any CPU.Build.0 = Release|Any CPU
		{89B812E3-605D-40AA-B8B4-91BD7B3B6B84}.Release|Any CPU.Deploy.0 = Release|Any CPU
	EndGlobalSection
	GlobalSection(SolutionProperties) = preSolution
		HideSolutionNode = FALSE
	EndGlobalSection
	GlobalSection(ExtensibilityGlobals) = postSolution
		SolutionGuid = {8FCAD3CE-651D-4847-98FE-487B0CE856EE}
	EndGlobalSection
EndGlobal
